
Microsoft Visual Studio Solution File, Format Version 12.00
# Visual Studio Version 17
VisualStudioVersion = 17.4.33213.308
MinimumVisualStudioVersion = 10.0.40219.1
Project("{FAE04EC0-301F-11D3-BF4B-00C04F79EFBC}") = "TradeAsist", "TradeAsist.csproj", "{03AF0EBD-5B93-459C-ADE3-320D9514F5CD}"
EndProject
Global
	GlobalSection(SolutionConfigurationPlatforms) = preSolution
		Debug|Any CPU = Debug|Any CPU
		Release|Any CPU = Release|Any CPU
	EndGlobalSection
	GlobalSection(ProjectConfigurationPlatforms) = postSolution
		{03AF0EBD-5B93-459C-ADE3-320D9514F5CD}.Debug|Any CPU.ActiveCfg = Debug|Any CPU
		{03AF0EBD-5B93-459C-ADE3-320D9514F5CD}.Debug|Any CPU.Build.0 = Debug|Any CPU
		{03AF0EBD-5B93-459C-ADE3-320D9514F5CD}.Release|Any CPU.ActiveCfg = Release|Any CPU
		{03AF0EBD-5B93-459C-ADE3-320D9514F5CD}.Release|Any CPU.Build.0 = Release|Any CPU
	EndGlobalSection
	GlobalSection(SolutionProperties) = preSolution
		HideSolutionNode = FALSE
	EndGlobalSection
	GlobalSection(ExtensibilityGlobals) = postSolution
		SolutionGuid = {535CEC6D-0D9F-4B5A-8964-0A88AFADA335}
	EndGlobalSection
EndGlobal
